
Microsoft Visual Studio Solution File, Format Version 12.00
# Visual Studio Version 16
VisualStudioVersion = 16.0.33214.272
MinimumVisualStudioVersion = 10.0.40219.1
Project("{FAE04EC0-301F-11D3-BF4B-00C04F79EFBC}") = "Mission6", "Mission6\Mission6.csproj", "{2FC10EB7-A657-4FFC-83E4-83F0D39D7ABB}"
EndProject
Global
	GlobalSection(SolutionConfigurationPlatforms) = preSolution
		Debug|Any CPU = Debug|Any CPU
		Release|Any CPU = Release|Any CPU
	EndGlobalSection
	GlobalSection(ProjectConfigurationPlatforms) = postSolution
		{2FC10EB7-A657-4FFC-83E4-83F0D39D7ABB}.Debug|Any CPU.ActiveCfg = Debug|Any CPU
		{2FC10EB7-A657-4FFC-83E4-83F0D39D7ABB}.Debug|Any CPU.Build.0 = Debug|Any CPU
		{2FC10EB7-A657-4FFC-83E4-83F0D39D7ABB}.Release|Any CPU.ActiveCfg = Release|Any CPU
		{2FC10EB7-A657-4FFC-83E4-83F0D39D7ABB}.Release|Any CPU.Build.0 = Release|Any CPU
	EndGlobalSection
	GlobalSection(SolutionProperties) = preSolution
		HideSolutionNode = FALSE
	EndGlobalSection
	GlobalSection(ExtensibilityGlobals) = postSolution
		SolutionGuid = {EB1F42DE-813F-4805-836C-2CA8AAE2B273}
	EndGlobalSection
EndGlobal
